
Microsoft Visual Studio Solution File, Format Version 12.00
# Visual Studio Version 17
VisualStudioVersion = 17.9.34723.18
MinimumVisualStudioVersion = 10.0.40219.1
Project("{FAE04EC0-301F-11D3-BF4B-00C04F79EFBC}") = "MicroserviceTester", "MicroserviceTester\MicroserviceTester.csproj", "{3FD02B23-51C3-4EDC-8577-5E9E54CE6ACF}"
EndProject
Global
	GlobalSection(SolutionConfigurationPlatforms) = preSolution
		Debug|Any CPU = Debug|Any CPU
		Release|Any CPU = Release|Any CPU
	EndGlobalSection
	GlobalSection(ProjectConfigurationPlatforms) = postSolution
		{3FD02B23-51C3-4EDC-8577-5E9E54CE6ACF}.Debug|Any CPU.ActiveCfg = Debug|Any CPU
		{3FD02B23-51C3-4EDC-8577-5E9E54CE6ACF}.Debug|Any CPU.Build.0 = Debug|Any CPU
		{3FD02B23-51C3-4EDC-8577-5E9E54CE6ACF}.Release|Any CPU.ActiveCfg = Release|Any CPU
		{3FD02B23-51C3-4EDC-8577-5E9E54CE6ACF}.Release|Any CPU.Build.0 = Release|Any CPU
	EndGlobalSection
	GlobalSection(SolutionProperties) = preSolution
		HideSolutionNode = FALSE
	EndGlobalSection
	GlobalSection(ExtensibilityGlobals) = postSolution
		SolutionGuid = {37FAA511-FBEE-4199-9098-32B401B42678}
	EndGlobalSection
EndGlobal
